
Microsoft Visual Studio Solution File, Format Version 12.00
# Visual Studio 15
VisualStudioVersion = 15.0.26730.16
MinimumVisualStudioVersion = 10.0.40219.1
Project("{FAE04EC0-301F-11D3-BF4B-00C04F79EFBC}") = "Kafka.Demo.Core", "Kafka.Demo.Core\Kafka.Demo.Core.csproj", "{44672308-478E-4130-9068-53EA97901696}"
EndProject
Project("{FAE04EC0-301F-11D3-BF4B-00C04F79EFBC}") = "Kafka.Demo.Api", "Kafka.Demo.Api\Kafka.Demo.Api.csproj", "{ABFFE1A4-1909-4A9D-ABD0-67D14F850AD8}"
EndProject
Project("{FAE04EC0-301F-11D3-BF4B-00C04F79EFBC}") = "Kafka.Demo.Consumer", "Kafka.Demo.Consumer\Kafka.Demo.Consumer.csproj", "{02E6BA8E-637D-490C-9BF3-2599BE40844E}"
EndProject
Global
	GlobalSection(SolutionConfigurationPlatforms) = preSolution
		Debug|Any CPU = Debug|Any CPU
		Release|Any CPU = Release|Any CPU
	EndGlobalSection
	GlobalSection(ProjectConfigurationPlatforms) = postSolution
		{44672308-478E-4130-9068-53EA97901696}.Debug|Any CPU.ActiveCfg = Debug|Any CPU
		{44672308-478E-4130-9068-53EA97901696}.Debug|Any CPU.Build.0 = Debug|Any CPU
		{44672308-478E-4130-9068-53EA97901696}.Release|Any CPU.ActiveCfg = Release|Any CPU
		{44672308-478E-4130-9068-53EA97901696}.Release|Any CPU.Build.0 = Release|Any CPU
		{ABFFE1A4-1909-4A9D-ABD0-67D14F850AD8}.Debug|Any CPU.ActiveCfg = Debug|Any CPU
		{ABFFE1A4-1909-4A9D-ABD0-67D14F850AD8}.Debug|Any CPU.Build.0 = Debug|Any CPU
		{ABFFE1A4-1909-4A9D-ABD0-67D14F850AD8}.Release|Any CPU.ActiveCfg = Release|Any CPU
		{ABFFE1A4-1909-4A9D-ABD0-67D14F850AD8}.Release|Any CPU.Build.0 = Release|Any CPU
		{02E6BA8E-637D-490C-9BF3-2599BE40844E}.Debug|Any CPU.ActiveCfg = Debug|Any CPU
		{02E6BA8E-637D-490C-9BF3-2599BE40844E}.Debug|Any CPU.Build.0 = Debug|Any CPU
		{02E6BA8E-637D-490C-9BF3-2599BE40844E}.Release|Any CPU.ActiveCfg = Release|Any CPU
		{02E6BA8E-637D-490C-9BF3-2599BE40844E}.Release|Any CPU.Build.0 = Release|Any CPU
	EndGlobalSection
	GlobalSection(SolutionProperties) = preSolution
		HideSolutionNode = FALSE
	EndGlobalSection
	GlobalSection(ExtensibilityGlobals) = postSolution
		SolutionGuid = {EFF04A58-CCDE-4192-9150-03B3A297986C}
	EndGlobalSection
EndGlobal
